PODS:
  - ZHVerifyCodeField (0.1.0)

DEPENDENCIES:
  - ZHVerifyCodeField (from `../`)

EXTERNAL SOURCES:
  ZHVerifyCodeField:
    :path: "../"

SPEC CHECKSUMS:
  ZHVerifyCodeField: 42eb0bb442ebe4ed79328c49ccd8835b320f067e

PODFILE CHECKSUM: 60d55f706cb3021afd90a0f1f196cd0c233b1e57

COCOAPODS: 1.8.4
